
Microsoft Visual Studio Solution File, Format Version 12.00
# Visual Studio 15
Project("{FAE04EC0-301F-11D3-BF4B-00C04F79EFBC}") = "TaskSave.Android", "TaskSave.Android\TaskSave.Android.csproj", "{D37E45EF-76E1-4ED2-8B2B-8A62D98B72E1}"
EndProject
Project("{FAE04EC0-301F-11D3-BF4B-00C04F79EFBC}") = "TaskSave.iOS", "TaskSave.iOS\TaskSave.iOS.csproj", "{02EA4672-1A04-4A4C-BBC8-4BCA438BD70F}"
EndProject
Project("{FAE04EC0-301F-11D3-BF4B-00C04F79EFBC}") = "TaskSave", "TaskSave\TaskSave.csproj", "{F8B06CBA-C674-49E3-830A-B656E86B60BA}"
EndProject
Global
	GlobalSection(SolutionConfigurationPlatforms) = preSolution
		Debug|Any CPU = Debug|Any CPU
		Release|Any CPU = Release|Any CPU
		Debug|iPhoneSimulator = Debug|iPhoneSimulator
		Release|iPhoneSimulator = Release|iPhoneSimulator
		Debug|iPhone = Debug|iPhone
		Release|iPhone = Release|iPhone
	EndGlobalSection
	GlobalSection(ProjectConfigurationPlatforms) = postSolution
		{D37E45EF-76E1-4ED2-8B2B-8A62D98B72E1}.Debug|Any CPU.ActiveCfg = Debug|Any CPU
		{D37E45EF-76E1-4ED2-8B2B-8A62D98B72E1}.Debug|Any CPU.Build.0 = Debug|Any CPU
		{D37E45EF-76E1-4ED2-8B2B-8A62D98B72E1}.Release|Any CPU.ActiveCfg = Release|Any CPU
		{D37E45EF-76E1-4ED2-8B2B-8A62D98B72E1}.Release|Any CPU.Build.0 = Release|Any CPU
		{D37E45EF-76E1-4ED2-8B2B-8A62D98B72E1}.Debug|iPhoneSimulator.ActiveCfg = Debug|Any CPU
		{D37E45EF-76E1-4ED2-8B2B-8A62D98B72E1}.Debug|iPhoneSimulator.Build.0 = Debug|Any CPU
		{D37E45EF-76E1-4ED2-8B2B-8A62D98B72E1}.Release|iPhoneSimulator.ActiveCfg = Release|Any CPU
		{D37E45EF-76E1-4ED2-8B2B-8A62D98B72E1}.Release|iPhoneSimulator.Build.0 = Release|Any CPU
		{D37E45EF-76E1-4ED2-8B2B-8A62D98B72E1}.Debug|iPhone.ActiveCfg = Debug|Any CPU
		{D37E45EF-76E1-4ED2-8B2B-8A62D98B72E1}.Debug|iPhone.Build.0 = Debug|Any CPU
		{D37E45EF-76E1-4ED2-8B2B-8A62D98B72E1}.Release|iPhone.ActiveCfg = Release|Any CPU
		{D37E45EF-76E1-4ED2-8B2B-8A62D98B72E1}.Release|iPhone.Build.0 = Release|Any CPU
		{02EA4672-1A04-4A4C-BBC8-4BCA438BD70F}.Debug|Any CPU.ActiveCfg = Debug|iPhoneSimulator
		{02EA4672-1A04-4A4C-BBC8-4BCA438BD70F}.Debug|Any CPU.Build.0 = Debug|iPhoneSimulator
		{02EA4672-1A04-4A4C-BBC8-4BCA438BD70F}.Release|Any CPU.ActiveCfg = Release|iPhoneSimulator
		{02EA4672-1A04-4A4C-BBC8-4BCA438BD70F}.Release|Any CPU.Build.0 = Release|iPhoneSimulator
		{02EA4672-1A04-4A4C-BBC8-4BCA438BD70F}.Debug|iPhoneSimulator.ActiveCfg = Debug|iPhoneSimulator
		{02EA4672-1A04-4A4C-BBC8-4BCA438BD70F}.Debug|iPhoneSimulator.Build.0 = Debug|iPhoneSimulator
		{02EA4672-1A04-4A4C-BBC8-4BCA438BD70F}.Release|iPhoneSimulator.ActiveCfg = Release|iPhoneSimulator
		{02EA4672-1A04-4A4C-BBC8-4BCA438BD70F}.Release|iPhoneSimulator.Build.0 = Release|iPhoneSimulator
		{02EA4672-1A04-4A4C-BBC8-4BCA438BD70F}.Debug|iPhone.ActiveCfg = Debug|iPhone
		{02EA4672-1A04-4A4C-BBC8-4BCA438BD70F}.Debug|iPhone.Build.0 = Debug|iPhone
		{02EA4672-1A04-4A4C-BBC8-4BCA438BD70F}.Release|iPhone.ActiveCfg = Release|iPhone
		{02EA4672-1A04-4A4C-BBC8-4BCA438BD70F}.Release|iPhone.Build.0 = Release|iPhone
		{F8B06CBA-C674-49E3-830A-B656E86B60BA}.Debug|Any CPU.ActiveCfg = Debug|Any CPU
		{F8B06CBA-C674-49E3-830A-B656E86B60BA}.Debug|Any CPU.Build.0 = Debug|Any CPU
		{F8B06CBA-C674-49E3-830A-B656E86B60BA}.Release|Any CPU.ActiveCfg = Release|Any CPU
		{F8B06CBA-C674-49E3-830A-B656E86B60BA}.Release|Any CPU.Build.0 = Release|Any CPU
		{F8B06CBA-C674-49E3-830A-B656E86B60BA}.Debug|iPhoneSimulator.ActiveCfg = Debug|Any CPU
		{F8B06CBA-C674-49E3-830A-B656E86B60BA}.Debug|iPhoneSimulator.Build.0 = Debug|Any CPU
		{F8B06CBA-C674-49E3-830A-B656E86B60BA}.Release|iPhoneSimulator.ActiveCfg = Release|Any CPU
		{F8B06CBA-C674-49E3-830A-B656E86B60BA}.Release|iPhoneSimulator.Build.0 = Release|Any CPU
		{F8B06CBA-C674-49E3-830A-B656E86B60BA}.Debug|iPhone.ActiveCfg = Debug|Any CPU
		{F8B06CBA-C674-49E3-830A-B656E86B60BA}.Debug|iPhone.Build.0 = Debug|Any CPU
		{F8B06CBA-C674-49E3-830A-B656E86B60BA}.Release|iPhone.ActiveCfg = Release|Any CPU
		{F8B06CBA-C674-49E3-830A-B656E86B60BA}.Release|iPhone.Build.0 = Release|Any CPU
	EndGlobalSection
EndGlobal
